{"is_source_file": true, "file_id": 27, "git_revision": "8e8caef7e71a61760199ce13cfa11047987a7658", "state": 1, "description": "", "external_files": [], "external_methods": [], "published": [], "classes": [], "methods": [], "calls": [], "search-terms": [], "filename": "/home/kavia/workspace/code-generation/sudokumaster-pro-93805-93860/sudokumaster_pro/post_process_status.lock", "hash": "e9b4c3b42cef0193b7fddb548d37e652", "format-version": 4, "code-base-name": "default", "knowledge_revision": 59}